{
  "name": "npm-version-consume",
  "version": "0.0.0",
  "lockfileVersion": 3,
  "requires": true,
  "packages": {
    "": {
      "name": "npm-version-consume",
      "version": "0.0.0",
      "license": "ISC",
      "dependencies": {
        "@jpbnetley/npm-version-release": "^1.1.2"
      },
      "devDependencies": {
        "typescript": "5.8.3"
      },
      "engines": {
        "node": ">=18.0.0"
      }
    },
    "node_modules/@jpbnetley/npm-version-release": {
      "version": "1.1.2",
      "resolved": "https://npm.pkg.github.com/download/@jpbnetley/npm-version-release/1.1.2/e189400e90de36b55ed5f732336e2dd296b8a4d1",
      "integrity": "sha512-7BS5VzvoSBetAU/ZF2VMzkLqUJ48J1okyn6KOiyEfs8pwJrH2pXmwqOola+XKY22wwWc0VntkXh+66DiOa7lCg==",
      "license": "ISC"
    },
    "node_modules/typescript": {
      "version": "5.8.3",
      "resolved": "https://registry.npmjs.org/typescript/-/typescript-5.8.3.tgz",
      "integrity": "sha512-p1diW6TqL9L07nNxvRMM7hMMw4c5XOo/1ibL4aAIGmSAt9slTE1Xgw5KWuof2uTOvCg9BY7ZRi+GaF+7sfgPeQ==",
      "dev": true,
      "license": "Apache-2.0",
      "bin": {
        "tsc": "bin/tsc",
        "tsserver": "bin/tsserver"
      },
      "engines": {
        "node": ">=14.17"
      }
    }
  }
}
