{
  "name": "npm-version-consume",
  "version": "0.0.0",
  "lockfileVersion": 3,
  "requires": true,
  "packages": {
    "": {
      "name": "npm-version-consume",
      "version": "0.0.0",
      "license": "ISC",
      "dependencies": {
        "@jpbnetley/npm-version-release": "^1.1.0"
      },
      "devDependencies": {
        "typescript": "5.8.3"
      },
      "engines": {
        "node": ">=18.0.0"
      }
    },
    "node_modules/@jpbnetley/npm-version-release": {
      "version": "1.1.0",
      "resolved": "https://npm.pkg.github.com/download/@jpbnetley/npm-version-release/1.1.0/718d727ac86009ac06c537ba4fad9ac068c50519",
      "integrity": "sha512-mNBg7LvFrGXOU0SjfQ23PHRvGT4GzW6eYAUZG5pJq8B5brVVNlhzbGudAoKt05FRbghICdcZPXkjfwKLfrfWuA==",
      "license": "ISC"
    },
    "node_modules/typescript": {
      "version": "5.8.3",
      "resolved": "https://registry.npmjs.org/typescript/-/typescript-5.8.3.tgz",
      "integrity": "sha512-p1diW6TqL9L07nNxvRMM7hMMw4c5XOo/1ibL4aAIGmSAt9slTE1Xgw5KWuof2uTOvCg9BY7ZRi+GaF+7sfgPeQ==",
      "dev": true,
      "license": "Apache-2.0",
      "bin": {
        "tsc": "bin/tsc",
        "tsserver": "bin/tsserver"
      },
      "engines": {
        "node": ">=14.17"
      }
    }
  }
}
