{
  "name": "npm-version-consume",
  "version": "0.0.0",
  "lockfileVersion": 3,
  "requires": true,
  "packages": {
    "": {
      "name": "npm-version-consume",
      "version": "0.0.0",
      "license": "ISC",
      "dependencies": {
        "@jpbnetley/npm-version-release": "^1.0.1"
      },
      "devDependencies": {
        "typescript": "5.8.3"
      },
      "engines": {
        "node": ">=18.0.0"
      }
    },
    "node_modules/@jpbnetley/npm-version-release": {
      "version": "1.0.1",
      "resolved": "https://npm.pkg.github.com/download/@jpbnetley/npm-version-release/1.0.1/51b250c877f2f01baa72486c756cedf99f079f45",
      "integrity": "sha512-+nVHygLcq6sR0mqLSE5mdBdzkXzb6j4lx4aCXfnpPCth9sGVCcXYJuxAhaPue6R+MkDtIPKDV0W8hfxN+cgO4Q==",
      "license": "ISC"
    },
    "node_modules/typescript": {
      "version": "5.8.3",
      "resolved": "https://registry.npmjs.org/typescript/-/typescript-5.8.3.tgz",
      "integrity": "sha512-p1diW6TqL9L07nNxvRMM7hMMw4c5XOo/1ibL4aAIGmSAt9slTE1Xgw5KWuof2uTOvCg9BY7ZRi+GaF+7sfgPeQ==",
      "dev": true,
      "license": "Apache-2.0",
      "bin": {
        "tsc": "bin/tsc",
        "tsserver": "bin/tsserver"
      },
      "engines": {
        "node": ">=14.17"
      }
    }
  }
}
